// !$*UTF8*$!
{
	archiveVersion = 1;
	classes = {
	};
	objectVersion = 46;
	objects = {

/* Begin PBXBuildFile section */
		848843042011BF760095903E /* main.m in Sources */ = {isa = PBXBuildFile; fileRef = 848843032011BF760095903E /* main.m */; };
		848843072011BF760095903E /* AppDelegate.m in Sources */ = {isa = PBXBuildFile; fileRef = 848843062011BF760095903E /* AppDelegate.m */; };
		8488430A2011BF760095903E /* ViewController.m in Sources */ = {isa = PBXBuildFile; fileRef = 848843092011BF760095903E /* ViewController.m */; };
		8488430D2011BF760095903E /* Main.storyboard in Resources */ = {isa = PBXBuildFile; fileRef = 8488430B2011BF760095903E /* Main.storyboard */; };
		8488430F2011BF760095903E /* Assets.xcassets in Resources */ = {isa = PBXBuildFile; fileRef = 8488430E2011BF760095903E /* Assets.xcassets */; };
		848843122011BF760095903E /* LaunchScreen.storyboard in Resources */ = {isa = PBXBuildFile; fileRef = 848843102011BF760095903E /* LaunchScreen.storyboard */; };
		8488431B2011CECF0095903E /* XHomeViewController.m in Sources */ = {isa = PBXBuildFile; fileRef = 8488431A2011CECF0095903E /* XHomeViewController.m */; };
		8488431F2011D25B0095903E /* XOneViewController.m in Sources */ = {isa = PBXBuildFile; fileRef = 8488431D2011D25B0095903E /* XOneViewController.m */; };
		848843202011D25B0095903E /* XOneViewController.xib in Resources */ = {isa = PBXBuildFile; fileRef = 8488431E2011D25B0095903E /* XOneViewController.xib */; };
/* End PBXBuildFile section */

/* Begin PBXFileReference section */
		848842FF2011BF760095903E /* 陀螺仪.app */ = {isa = PBXFileReference; explicitFileType = wrapper.application; includeInIndex = 0; path = "陀螺仪.app"; sourceTree = BUILT_PRODUCTS_DIR; };
		848843032011BF760095903E /* main.m */ = {isa = PBXFileReference; lastKnownFileType = sourcecode.c.objc; path = main.m; sourceTree = "<group>"; };
		848843052011BF760095903E /* AppDelegate.h */ = {isa = PBXFileReference; lastKnownFileType = sourcecode.c.h; path = AppDelegate.h; sourceTree = "<group>"; };
		848843062011BF760095903E /* AppDelegate.m */ = {isa = PBXFileReference; lastKnownFileType = sourcecode.c.objc; path = AppDelegate.m; sourceTree = "<group>"; };
		848843082011BF760095903E /* ViewController.h */ = {isa = PBXFileReference; lastKnownFileType = sourcecode.c.h; path = ViewController.h; sourceTree = "<group>"; };
		848843092011BF760095903E /* ViewController.m */ = {isa = PBXFileReference; lastKnownFileType = sourcecode.c.objc; path = ViewController.m; sourceTree = "<group>"; };
		8488430C2011BF760095903E /* Base */ = {isa = PBXFileReference; lastKnownFileType = file.storyboard; name = Base; path = Base.lproj/Main.storyboard; sourceTree = "<group>"; };
		8488430E2011BF760095903E /* Assets.xcassets */ = {isa = PBXFileReference; lastKnownFileType = folder.assetcatalog; path = Assets.xcassets; sourceTree = "<group>"; };
		848843112011BF760095903E /* Base */ = {isa = PBXFileReference; lastKnownFileType = file.storyboard; name = Base; path = Base.lproj/LaunchScreen.storyboard; sourceTree = "<group>"; };
		848843132011BF760095903E /* Info.plist */ = {isa = PBXFileReference; lastKnownFileType = text.plist.xml; path = Info.plist; sourceTree = "<group>"; };
		848843192011CECF0095903E /* XHomeViewController.h */ = {isa = PBXFileReference; fileEncoding = 4; lastKnownFileType = sourcecode.c.h; path = XHomeViewController.h; sourceTree = "<group>"; };
		8488431A2011CECF0095903E /* XHomeViewController.m */ = {isa = PBXFileReference; fileEncoding = 4; lastKnownFileType = sourcecode.c.objc; path = XHomeViewController.m; sourceTree = "<group>"; };
		8488431C2011D25B0095903E /* XOneViewController.h */ = {isa = PBXFileReference; fileEncoding = 4; lastKnownFileType = sourcecode.c.h; path = XOneViewController.h; sourceTree = "<group>"; };
		8488431D2011D25B0095903E /* XOneViewController.m */ = {isa = PBXFileReference; fileEncoding = 4; lastKnownFileType = sourcecode.c.objc; path = XOneViewController.m; sourceTree = "<group>"; };
		8488431E2011D25B0095903E /* XOneViewController.xib */ = {isa = PBXFileReference; fileEncoding = 4; lastKnownFileType = file.xib; path = XOneViewController.xib; sourceTree = "<group>"; };
/* End PBXFileReference section */

/* Begin PBXFrameworksBuildPhase section */
		848842FC2011BF760095903E /* Frameworks */ = {
			isa = PBXFrameworksBuildPhase;
			buildActionMask = 2147483647;
			files = (
			);
			runOnlyForDeploymentPostprocessing = 0;
		};
/* End PBXFrameworksBuildPhase section */

/* Begin PBXGroup section */
		848842F62011BF760095903E = {
			isa = PBXGroup;
			children = (
				848843012011BF760095903E /* 陀螺仪 */,
				848843002011BF760095903E /* Products */,
			);
			sourceTree = "<group>";
		};
		848843002011BF760095903E /* Products */ = {
			isa = PBXGroup;
			children = (
				848842FF2011BF760095903E /* 陀螺仪.app */,
			);
			name = Products;
			sourceTree = "<group>";
		};
		848843012011BF760095903E /* 陀螺仪 */ = {
			isa = PBXGroup;
			children = (
				848843052011BF760095903E /* AppDelegate.h */,
				848843062011BF760095903E /* AppDelegate.m */,
				848843082011BF760095903E /* ViewController.h */,
				848843092011BF760095903E /* ViewController.m */,
				848843192011CECF0095903E /* XHomeViewController.h */,
				8488431A2011CECF0095903E /* XHomeViewController.m */,
				8488431C2011D25B0095903E /* XOneViewController.h */,
				8488431D2011D25B0095903E /* XOneViewController.m */,
				8488431E2011D25B0095903E /* XOneViewController.xib */,
				8488430B2011BF760095903E /* Main.storyboard */,
				8488430E2011BF760095903E /* Assets.xcassets */,
				848843102011BF760095903E /* LaunchScreen.storyboard */,
				848843132011BF760095903E /* Info.plist */,
				848843022011BF760095903E /* Supporting Files */,
			);
			path = "陀螺仪";
			sourceTree = "<group>";
		};
		848843022011BF760095903E /* Supporting Files */ = {
			isa = PBXGroup;
			children = (
				848843032011BF760095903E /* main.m */,
			);
			name = "Supporting Files";
			sourceTree = "<group>";
		};
/* End PBXGroup section */

/* Begin PBXNativeTarget section */
		848842FE2011BF760095903E /* 陀螺仪 */ = {
			isa = PBXNativeTarget;
			buildConfigurationList = 848843162011BF760095903E /* Build configuration list for PBXNativeTarget "陀螺仪" */;
			buildPhases = (
				848842FB2011BF760095903E /* Sources */,
				848842FC2011BF760095903E /* Frameworks */,
				848842FD2011BF760095903E /* Resources */,
			);
			buildRules = (
			);
			dependencies = (
			);
			name = "陀螺仪";
			productName = "陀螺仪";
			productReference = 848842FF2011BF760095903E /* 陀螺仪.app */;
			productType = "com.apple.product-type.application";
		};
/* End PBXNativeTarget section */

/* Begin PBXProject section */
		848842F72011BF760095903E /* Project object */ = {
			isa = PBXProject;
			attributes = {
				LastUpgradeCheck = 0830;
				ORGANIZATIONNAME = gcg;
				TargetAttributes = {
					848842FE2011BF760095903E = {
						CreatedOnToolsVersion = 8.3.3;
						DevelopmentTeam = 8NDM2JAGC4;
						ProvisioningStyle = Automatic;
					};
				};
			};
			buildConfigurationList = 848842FA2011BF760095903E /* Build configuration list for PBXProject "陀螺仪" */;
			compatibilityVersion = "Xcode 3.2";
			developmentRegion = English;
			hasScannedForEncodings = 0;
			knownRegions = (
				en,
				Base,
			);
			mainGroup = 848842F62011BF760095903E;
			productRefGroup = 848843002011BF760095903E /* Products */;
			projectDirPath = "";
			projectRoot = "";
			targets = (
				848842FE2011BF760095903E /* 陀螺仪 */,
			);
		};
/* End PBXProject section */

/* Begin PBXResourcesBuildPhase section */
		848842FD2011BF760095903E /* Resources */ = {
			isa = PBXResourcesBuildPhase;
			buildActionMask = 2147483647;
			files = (
				848843202011D25B0095903E /* XOneViewController.xib in Resources */,
				848843122011BF760095903E /* LaunchScreen.storyboard in Resources */,
				8488430F2011BF760095903E /* Assets.xcassets in Resources */,
				8488430D2011BF760095903E /* Main.storyboard in Resources */,
			);
			runOnlyForDeploymentPostprocessing = 0;
		};
/* End PBXResourcesBuildPhase section */

/* Begin PBXSourcesBuildPhase section */
		848842FB2011BF760095903E /* Sources */ = {
			isa = PBXSourcesBuildPhase;
			buildActionMask = 2147483647;
			files = (
				8488431F2011D25B0095903E /* XOneViewController.m in Sources */,
				8488431B2011CECF0095903E /* XHomeViewController.m in Sources */,
				8488430A2011BF760095903E /* ViewController.m in Sources */,
				848843072011BF760095903E /* AppDelegate.m in Sources */,
				848843042011BF760095903E /* main.m in Sources */,
			);
			runOnlyForDeploymentPostprocessing = 0;
		};
/* End PBXSourcesBuildPhase section */

/* Begin PBXVariantGroup section */
		8488430B2011BF760095903E /* Main.storyboard */ = {
			isa = PBXVariantGroup;
			children = (
				8488430C2011BF760095903E /* Base */,
			);
			name = Main.storyboard;
			sourceTree = "<group>";
		};
		848843102011BF760095903E /* LaunchScreen.storyboard */ = {
			isa = PBXVariantGroup;
			children = (
				848843112011BF760095903E /* Base */,
			);
			name = LaunchScreen.storyboard;
			sourceTree = "<group>";
		};
/* End PBXVariantGroup section */

/* Begin XCBuildConfiguration section */
		848843142011BF760095903E /* Debug */ = {
			isa = XCBuildConfiguration;
			buildSettings = {
				ALWAYS_SEARCH_USER_PATHS = NO;
				CLANG_ANALYZER_NONNULL = YES;
				CLANG_ANALYZER_NUMBER_OBJECT_CONVERSION = YES_AGGRESSIVE;
				CLANG_CXX_LANGUAGE_STANDARD = "gnu++0x";
				CLANG_CXX_LIBRARY = "libc++";
				CLANG_ENABLE_MODULES = YES;
				CLANG_ENABLE_OBJC_ARC = YES;
				CLANG_WARN_BOOL_CONVERSION = YES;
				CLANG_WARN_CONSTANT_CONVERSION = YES;
				CLANG_WARN_DIRECT_OBJC_ISA_USAGE = YES_ERROR;
				CLANG_WARN_DOCUMENTATION_COMMENTS = YES;
				CLANG_WARN_EMPTY_BODY = YES;
				CLANG_WARN_ENUM_CONVERSION = YES;
				CLANG_WARN_INFINITE_RECURSION = YES;
				CLANG_WARN_INT_CONVERSION = YES;
				CLANG_WARN_OBJC_ROOT_CLASS = YES_ERROR;
				CLANG_WARN_SUSPICIOUS_MOVE = YES;
				CLANG_WARN_UNREACHABLE_CODE = YES;
				CLANG_WARN__DUPLICATE_METHOD_MATCH = YES;
				"CODE_SIGN_IDENTITY[sdk=iphoneos*]" = "iPhone Developer";
				COPY_PHASE_STRIP = NO;
				DEBUG_INFORMATION_FORMAT = dwarf;
				ENABLE_STRICT_OBJC_MSGSEND = YES;
				ENABLE_TESTABILITY = YES;
				GCC_C_LANGUAGE_STANDARD = gnu99;
				GCC_DYNAMIC_NO_PIC = NO;
				GCC_NO_COMMON_BLOCKS = YES;
				GCC_OPTIMIZATION_LEVEL = 0;
				GCC_PREPROCESSOR_DEFINITIONS = (
					"DEBUG=1",
					"$(inherited)",
				);
				GCC_WARN_64_TO_32_BIT_CONVERSION = YES;
				GCC_WARN_ABOUT_RETURN_TYPE = YES_ERROR;
				GCC_WARN_UNDECLARED_SELECTOR = YES;
				GCC_WARN_UNINITIALIZED_AUTOS = YES_AGGRESSIVE;
				GCC_WARN_UNUSED_FUNCTION = YES;
				GCC_WARN_UNUSED_VARIABLE = YES;
				IPHONEOS_DEPLOYMENT_TARGET = 10.3;
				MTL_ENABLE_DEBUG_INFO = YES;
				ONLY_ACTIVE_ARCH = YES;
				SDKROOT = iphoneos;
			};
			name = Debug;
		};
		848843152011BF760095903E /* Release */ = {
			isa = XCBuildConfiguration;
			buildSettings = {
				ALWAYS_SEARCH_USER_PATHS = NO;
				CLANG_ANALYZER_NONNULL = YES;
				CLANG_ANALYZER_NUMBER_OBJECT_CONVERSION = YES_AGGRESSIVE;
				CLANG_CXX_LANGUAGE_STANDARD = "gnu++0x";
				CLANG_CXX_LIBRARY = "libc++";
				CLANG_ENABLE_MODULES = YES;
				CLANG_ENABLE_OBJC_ARC = YES;
				CLANG_WARN_BOOL_CONVERSION = YES;
				CLANG_WARN_CONSTANT_CONVERSION = YES;
				CLANG_WARN_DIRECT_OBJC_ISA_USAGE = YES_ERROR;
				CLANG_WARN_DOCUMENTATION_COMMENTS = YES;
				CLANG_WARN_EMPTY_BODY = YES;
				CLANG_WARN_ENUM_CONVERSION = YES;
				CLANG_WARN_INFINITE_RECURSION = YES;
				CLANG_WARN_INT_CONVERSION = YES;
				CLANG_WARN_OBJC_ROOT_CLASS = YES_ERROR;
				CLANG_WARN_SUSPICIOUS_MOVE = YES;
				CLANG_WARN_UNREACHABLE_CODE = YES;
				CLANG_WARN__DUPLICATE_METHOD_MATCH = YES;
				"CODE_SIGN_IDENTITY[sdk=iphoneos*]" = "iPhone Developer";
				COPY_PHASE_STRIP = NO;
				DEBUG_INFORMATION_FORMAT = "dwarf-with-dsym";
				ENABLE_NS_ASSERTIONS = NO;
				ENABLE_STRICT_OBJC_MSGSEND = YES;
				GCC_C_LANGUAGE_STANDARD = gnu99;
				GCC_NO_COMMON_BLOCKS = YES;
				GCC_WARN_64_TO_32_BIT_CONVERSION = YES;
				GCC_WARN_ABOUT_RETURN_TYPE = YES_ERROR;
				GCC_WARN_UNDECLARED_SELECTOR = YES;
				GCC_WARN_UNINITIALIZED_AUTOS = YES_AGGRESSIVE;
				GCC_WARN_UNUSED_FUNCTION = YES;
				GCC_WARN_UNUSED_VARIABLE = YES;
				IPHONEOS_DEPLOYMENT_TARGET = 10.3;
				MTL_ENABLE_DEBUG_INFO = NO;
				SDKROOT = iphoneos;
				VALIDATE_PRODUCT = YES;
			};
			name = Release;
		};
		848843172011BF760095903E /* Debug */ = {
			isa = XCBuildConfiguration;
			buildSettings = {
				ASSETCATALOG_COMPILER_APPICON_NAME = AppIcon;
				DEVELOPMENT_TEAM = 8NDM2JAGC4;
				INFOPLIST_FILE = "陀螺仪/Info.plist";
				LD_RUNPATH_SEARCH_PATHS = "$(inherited) @executable_path/Frameworks";
				PRODUCT_BUNDLE_IDENTIFIER = "com.gcg.---";
				PRODUCT_NAME = "$(TARGET_NAME)";
			};
			name = Debug;
		};
		848843182011BF760095903E /* Release */ = {
			isa = XCBuildConfiguration;
			buildSettings = {
				ASSETCATALOG_COMPILER_APPICON_NAME = AppIcon;
				DEVELOPMENT_TEAM = 8NDM2JAGC4;
				INFOPLIST_FILE = "陀螺仪/Info.plist";
				LD_RUNPATH_SEARCH_PATHS = "$(inherited) @executable_path/Frameworks";
				PRODUCT_BUNDLE_IDENTIFIER = "com.gcg.---";
				PRODUCT_NAME = "$(TARGET_NAME)";
			};
			name = Release;
		};
/* End XCBuildConfiguration section */

/* Begin XCConfigurationList section */
		848842FA2011BF760095903E /* Build configuration list for PBXProject "陀螺仪" */ = {
			isa = XCConfigurationList;
			buildConfigurations = (
				848843142011BF760095903E /* Debug */,
				848843152011BF760095903E /* Release */,
			);
			defaultConfigurationIsVisible = 0;
			defaultConfigurationName = Release;
		};
		848843162011BF760095903E /* Build configuration list for PBXNativeTarget "陀螺仪" */ = {
			isa = XCConfigurationList;
			buildConfigurations = (
				848843172011BF760095903E /* Debug */,
				848843182011BF760095903E /* Release */,
			);
			defaultConfigurationIsVisible = 0;
		};
/* End XCConfigurationList section */
	};
	rootObject = 848842F72011BF760095903E /* Project object */;
}
