// !$*UTF8*$!
{
	archiveVersion = 1;
	classes = {
	};
	objectVersion = 46;
	objects = {

/* Begin PBXBuildFile section */
		8438DA0E200349B700EB0804 /* main.m in Sources */ = {isa = PBXBuildFile; fileRef = 8438DA0D200349B700EB0804 /* main.m */; };
		8438DA11200349B700EB0804 /* AppDelegate.m in Sources */ = {isa = PBXBuildFile; fileRef = 8438DA10200349B700EB0804 /* AppDelegate.m */; };
		8438DA17200349B700EB0804 /* Main.storyboard in Resources */ = {isa = PBXBuildFile; fileRef = 8438DA15200349B700EB0804 /* Main.storyboard */; };
		8438DA19200349B700EB0804 /* Assets.xcassets in Resources */ = {isa = PBXBuildFile; fileRef = 8438DA18200349B700EB0804 /* Assets.xcassets */; };
		8438DA1C200349B700EB0804 /* LaunchScreen.storyboard in Resources */ = {isa = PBXBuildFile; fileRef = 8438DA1A200349B700EB0804 /* LaunchScreen.storyboard */; };
		8438DA2520034CA000EB0804 /* AdvanceViewController.m in Sources */ = {isa = PBXBuildFile; fileRef = 8438DA2420034CA000EB0804 /* AdvanceViewController.m */; };
		8438DA292003542B00EB0804 /* AGLKVertexAttribArrayBuffer.m in Sources */ = {isa = PBXBuildFile; fileRef = 8438DA282003542B00EB0804 /* AGLKVertexAttribArrayBuffer.m */; };
		8438DA2C20035ED900EB0804 /* sceneUtil.m in Sources */ = {isa = PBXBuildFile; fileRef = 8438DA2B20035ED900EB0804 /* sceneUtil.m */; };
/* End PBXBuildFile section */

/* Begin PBXFileReference section */
		8438DA09200349B700EB0804 /* X_Tutorial6_光照.app */ = {isa = PBXFileReference; explicitFileType = wrapper.application; includeInIndex = 0; path = "X_Tutorial6_光照.app"; sourceTree = BUILT_PRODUCTS_DIR; };
		8438DA0D200349B700EB0804 /* main.m */ = {isa = PBXFileReference; lastKnownFileType = sourcecode.c.objc; path = main.m; sourceTree = "<group>"; };
		8438DA0F200349B700EB0804 /* AppDelegate.h */ = {isa = PBXFileReference; lastKnownFileType = sourcecode.c.h; path = AppDelegate.h; sourceTree = "<group>"; };
		8438DA10200349B700EB0804 /* AppDelegate.m */ = {isa = PBXFileReference; lastKnownFileType = sourcecode.c.objc; path = AppDelegate.m; sourceTree = "<group>"; };
		8438DA16200349B700EB0804 /* Base */ = {isa = PBXFileReference; lastKnownFileType = file.storyboard; name = Base; path = Base.lproj/Main.storyboard; sourceTree = "<group>"; };
		8438DA18200349B700EB0804 /* Assets.xcassets */ = {isa = PBXFileReference; lastKnownFileType = folder.assetcatalog; path = Assets.xcassets; sourceTree = "<group>"; };
		8438DA1B200349B700EB0804 /* Base */ = {isa = PBXFileReference; lastKnownFileType = file.storyboard; name = Base; path = Base.lproj/LaunchScreen.storyboard; sourceTree = "<group>"; };
		8438DA1D200349B700EB0804 /* Info.plist */ = {isa = PBXFileReference; lastKnownFileType = text.plist.xml; path = Info.plist; sourceTree = "<group>"; };
		8438DA2320034CA000EB0804 /* AdvanceViewController.h */ = {isa = PBXFileReference; fileEncoding = 4; lastKnownFileType = sourcecode.c.h; path = AdvanceViewController.h; sourceTree = "<group>"; };
		8438DA2420034CA000EB0804 /* AdvanceViewController.m */ = {isa = PBXFileReference; fileEncoding = 4; lastKnownFileType = sourcecode.c.objc; path = AdvanceViewController.m; sourceTree = "<group>"; };
		8438DA272003542B00EB0804 /* AGLKVertexAttribArrayBuffer.h */ = {isa = PBXFileReference; fileEncoding = 4; lastKnownFileType = sourcecode.c.h; path = AGLKVertexAttribArrayBuffer.h; sourceTree = "<group>"; };
		8438DA282003542B00EB0804 /* AGLKVertexAttribArrayBuffer.m */ = {isa = PBXFileReference; fileEncoding = 4; lastKnownFileType = sourcecode.c.objc; path = AGLKVertexAttribArrayBuffer.m; sourceTree = "<group>"; };
		8438DA2A20035ED900EB0804 /* sceneUtil.h */ = {isa = PBXFileReference; fileEncoding = 4; lastKnownFileType = sourcecode.c.h; path = sceneUtil.h; sourceTree = "<group>"; };
		8438DA2B20035ED900EB0804 /* sceneUtil.m */ = {isa = PBXFileReference; fileEncoding = 4; lastKnownFileType = sourcecode.c.objc; path = sceneUtil.m; sourceTree = "<group>"; };
/* End PBXFileReference section */

/* Begin PBXFrameworksBuildPhase section */
		8438DA06200349B700EB0804 /* Frameworks */ = {
			isa = PBXFrameworksBuildPhase;
			buildActionMask = 2147483647;
			files = (
			);
			runOnlyForDeploymentPostprocessing = 0;
		};
/* End PBXFrameworksBuildPhase section */

/* Begin PBXGroup section */
		8438DA00200349B700EB0804 = {
			isa = PBXGroup;
			children = (
				8438DA0B200349B700EB0804 /* X_Tutorial6_光照 */,
				8438DA0A200349B700EB0804 /* Products */,
			);
			sourceTree = "<group>";
		};
		8438DA0A200349B700EB0804 /* Products */ = {
			isa = PBXGroup;
			children = (
				8438DA09200349B700EB0804 /* X_Tutorial6_光照.app */,
			);
			name = Products;
			sourceTree = "<group>";
		};
		8438DA0B200349B700EB0804 /* X_Tutorial6_光照 */ = {
			isa = PBXGroup;
			children = (
				8438DA26200353F200EB0804 /* Kit */,
				8438DA0F200349B700EB0804 /* AppDelegate.h */,
				8438DA10200349B700EB0804 /* AppDelegate.m */,
				8438DA2320034CA000EB0804 /* AdvanceViewController.h */,
				8438DA2420034CA000EB0804 /* AdvanceViewController.m */,
				8438DA15200349B700EB0804 /* Main.storyboard */,
				8438DA18200349B700EB0804 /* Assets.xcassets */,
				8438DA1A200349B700EB0804 /* LaunchScreen.storyboard */,
				8438DA1D200349B700EB0804 /* Info.plist */,
				8438DA0C200349B700EB0804 /* Supporting Files */,
			);
			path = "X_Tutorial6_光照";
			sourceTree = "<group>";
		};
		8438DA0C200349B700EB0804 /* Supporting Files */ = {
			isa = PBXGroup;
			children = (
				8438DA0D200349B700EB0804 /* main.m */,
			);
			name = "Supporting Files";
			sourceTree = "<group>";
		};
		8438DA26200353F200EB0804 /* Kit */ = {
			isa = PBXGroup;
			children = (
				8438DA272003542B00EB0804 /* AGLKVertexAttribArrayBuffer.h */,
				8438DA282003542B00EB0804 /* AGLKVertexAttribArrayBuffer.m */,
				8438DA2A20035ED900EB0804 /* sceneUtil.h */,
				8438DA2B20035ED900EB0804 /* sceneUtil.m */,
			);
			name = Kit;
			sourceTree = "<group>";
		};
/* End PBXGroup section */

/* Begin PBXNativeTarget section */
		8438DA08200349B700EB0804 /* X_Tutorial6_光照 */ = {
			isa = PBXNativeTarget;
			buildConfigurationList = 8438DA20200349B700EB0804 /* Build configuration list for PBXNativeTarget "X_Tutorial6_光照" */;
			buildPhases = (
				8438DA05200349B700EB0804 /* Sources */,
				8438DA06200349B700EB0804 /* Frameworks */,
				8438DA07200349B700EB0804 /* Resources */,
			);
			buildRules = (
			);
			dependencies = (
			);
			name = "X_Tutorial6_光照";
			productName = "X_Tutorial6_光照";
			productReference = 8438DA09200349B700EB0804 /* X_Tutorial6_光照.app */;
			productType = "com.apple.product-type.application";
		};
/* End PBXNativeTarget section */

/* Begin PBXProject section */
		8438DA01200349B700EB0804 /* Project object */ = {
			isa = PBXProject;
			attributes = {
				LastUpgradeCheck = 0830;
				ORGANIZATIONNAME = gcg;
				TargetAttributes = {
					8438DA08200349B700EB0804 = {
						CreatedOnToolsVersion = 8.3.3;
						DevelopmentTeam = 8NDM2JAGC4;
						ProvisioningStyle = Automatic;
					};
				};
			};
			buildConfigurationList = 8438DA04200349B700EB0804 /* Build configuration list for PBXProject "X_Tutorial6_光照" */;
			compatibilityVersion = "Xcode 3.2";
			developmentRegion = English;
			hasScannedForEncodings = 0;
			knownRegions = (
				en,
				Base,
			);
			mainGroup = 8438DA00200349B700EB0804;
			productRefGroup = 8438DA0A200349B700EB0804 /* Products */;
			projectDirPath = "";
			projectRoot = "";
			targets = (
				8438DA08200349B700EB0804 /* X_Tutorial6_光照 */,
			);
		};
/* End PBXProject section */

/* Begin PBXResourcesBuildPhase section */
		8438DA07200349B700EB0804 /* Resources */ = {
			isa = PBXResourcesBuildPhase;
			buildActionMask = 2147483647;
			files = (
				8438DA1C200349B700EB0804 /* LaunchScreen.storyboard in Resources */,
				8438DA19200349B700EB0804 /* Assets.xcassets in Resources */,
				8438DA17200349B700EB0804 /* Main.storyboard in Resources */,
			);
			runOnlyForDeploymentPostprocessing = 0;
		};
/* End PBXResourcesBuildPhase section */

/* Begin PBXSourcesBuildPhase section */
		8438DA05200349B700EB0804 /* Sources */ = {
			isa = PBXSourcesBuildPhase;
			buildActionMask = 2147483647;
			files = (
				8438DA292003542B00EB0804 /* AGLKVertexAttribArrayBuffer.m in Sources */,
				8438DA2C20035ED900EB0804 /* sceneUtil.m in Sources */,
				8438DA2520034CA000EB0804 /* AdvanceViewController.m in Sources */,
				8438DA11200349B700EB0804 /* AppDelegate.m in Sources */,
				8438DA0E200349B700EB0804 /* main.m in Sources */,
			);
			runOnlyForDeploymentPostprocessing = 0;
		};
/* End PBXSourcesBuildPhase section */

/* Begin PBXVariantGroup section */
		8438DA15200349B700EB0804 /* Main.storyboard */ = {
			isa = PBXVariantGroup;
			children = (
				8438DA16200349B700EB0804 /* Base */,
			);
			name = Main.storyboard;
			sourceTree = "<group>";
		};
		8438DA1A200349B700EB0804 /* LaunchScreen.storyboard */ = {
			isa = PBXVariantGroup;
			children = (
				8438DA1B200349B700EB0804 /* Base */,
			);
			name = LaunchScreen.storyboard;
			sourceTree = "<group>";
		};
/* End PBXVariantGroup section */

/* Begin XCBuildConfiguration section */
		8438DA1E200349B700EB0804 /* Debug */ = {
			isa = XCBuildConfiguration;
			buildSettings = {
				ALWAYS_SEARCH_USER_PATHS = NO;
				CLANG_ANALYZER_NONNULL = YES;
				CLANG_ANALYZER_NUMBER_OBJECT_CONVERSION = YES_AGGRESSIVE;
				CLANG_CXX_LANGUAGE_STANDARD = "gnu++0x";
				CLANG_CXX_LIBRARY = "libc++";
				CLANG_ENABLE_MODULES = YES;
				CLANG_ENABLE_OBJC_ARC = YES;
				CLANG_WARN_BOOL_CONVERSION = YES;
				CLANG_WARN_CONSTANT_CONVERSION = YES;
				CLANG_WARN_DIRECT_OBJC_ISA_USAGE = YES_ERROR;
				CLANG_WARN_DOCUMENTATION_COMMENTS = YES;
				CLANG_WARN_EMPTY_BODY = YES;
				CLANG_WARN_ENUM_CONVERSION = YES;
				CLANG_WARN_INFINITE_RECURSION = YES;
				CLANG_WARN_INT_CONVERSION = YES;
				CLANG_WARN_OBJC_ROOT_CLASS = YES_ERROR;
				CLANG_WARN_SUSPICIOUS_MOVE = YES;
				CLANG_WARN_UNREACHABLE_CODE = YES;
				CLANG_WARN__DUPLICATE_METHOD_MATCH = YES;
				"CODE_SIGN_IDENTITY[sdk=iphoneos*]" = "iPhone Developer";
				COPY_PHASE_STRIP = NO;
				DEBUG_INFORMATION_FORMAT = dwarf;
				ENABLE_STRICT_OBJC_MSGSEND = YES;
				ENABLE_TESTABILITY = YES;
				GCC_C_LANGUAGE_STANDARD = gnu99;
				GCC_DYNAMIC_NO_PIC = NO;
				GCC_NO_COMMON_BLOCKS = YES;
				GCC_OPTIMIZATION_LEVEL = 0;
				GCC_PREPROCESSOR_DEFINITIONS = (
					"DEBUG=1",
					"$(inherited)",
				);
				GCC_WARN_64_TO_32_BIT_CONVERSION = YES;
				GCC_WARN_ABOUT_RETURN_TYPE = YES_ERROR;
				GCC_WARN_UNDECLARED_SELECTOR = YES;
				GCC_WARN_UNINITIALIZED_AUTOS = YES_AGGRESSIVE;
				GCC_WARN_UNUSED_FUNCTION = YES;
				GCC_WARN_UNUSED_VARIABLE = YES;
				IPHONEOS_DEPLOYMENT_TARGET = 10.3;
				MTL_ENABLE_DEBUG_INFO = YES;
				ONLY_ACTIVE_ARCH = YES;
				SDKROOT = iphoneos;
			};
			name = Debug;
		};
		8438DA1F200349B700EB0804 /* Release */ = {
			isa = XCBuildConfiguration;
			buildSettings = {
				ALWAYS_SEARCH_USER_PATHS = NO;
				CLANG_ANALYZER_NONNULL = YES;
				CLANG_ANALYZER_NUMBER_OBJECT_CONVERSION = YES_AGGRESSIVE;
				CLANG_CXX_LANGUAGE_STANDARD = "gnu++0x";
				CLANG_CXX_LIBRARY = "libc++";
				CLANG_ENABLE_MODULES = YES;
				CLANG_ENABLE_OBJC_ARC = YES;
				CLANG_WARN_BOOL_CONVERSION = YES;
				CLANG_WARN_CONSTANT_CONVERSION = YES;
				CLANG_WARN_DIRECT_OBJC_ISA_USAGE = YES_ERROR;
				CLANG_WARN_DOCUMENTATION_COMMENTS = YES;
				CLANG_WARN_EMPTY_BODY = YES;
				CLANG_WARN_ENUM_CONVERSION = YES;
				CLANG_WARN_INFINITE_RECURSION = YES;
				CLANG_WARN_INT_CONVERSION = YES;
				CLANG_WARN_OBJC_ROOT_CLASS = YES_ERROR;
				CLANG_WARN_SUSPICIOUS_MOVE = YES;
				CLANG_WARN_UNREACHABLE_CODE = YES;
				CLANG_WARN__DUPLICATE_METHOD_MATCH = YES;
				"CODE_SIGN_IDENTITY[sdk=iphoneos*]" = "iPhone Developer";
				COPY_PHASE_STRIP = NO;
				DEBUG_INFORMATION_FORMAT = "dwarf-with-dsym";
				ENABLE_NS_ASSERTIONS = NO;
				ENABLE_STRICT_OBJC_MSGSEND = YES;
				GCC_C_LANGUAGE_STANDARD = gnu99;
				GCC_NO_COMMON_BLOCKS = YES;
				GCC_WARN_64_TO_32_BIT_CONVERSION = YES;
				GCC_WARN_ABOUT_RETURN_TYPE = YES_ERROR;
				GCC_WARN_UNDECLARED_SELECTOR = YES;
				GCC_WARN_UNINITIALIZED_AUTOS = YES_AGGRESSIVE;
				GCC_WARN_UNUSED_FUNCTION = YES;
				GCC_WARN_UNUSED_VARIABLE = YES;
				IPHONEOS_DEPLOYMENT_TARGET = 10.3;
				MTL_ENABLE_DEBUG_INFO = NO;
				SDKROOT = iphoneos;
				VALIDATE_PRODUCT = YES;
			};
			name = Release;
		};
		8438DA21200349B700EB0804 /* Debug */ = {
			isa = XCBuildConfiguration;
			buildSettings = {
				ASSETCATALOG_COMPILER_APPICON_NAME = AppIcon;
				DEVELOPMENT_TEAM = 8NDM2JAGC4;
				INFOPLIST_FILE = "X_Tutorial6_光照/Info.plist";
				LD_RUNPATH_SEARCH_PATHS = "$(inherited) @executable_path/Frameworks";
				PRODUCT_BUNDLE_IDENTIFIER = "com.gcg.X-Tutorial6---";
				PRODUCT_NAME = "$(TARGET_NAME)";
			};
			name = Debug;
		};
		8438DA22200349B700EB0804 /* Release */ = {
			isa = XCBuildConfiguration;
			buildSettings = {
				ASSETCATALOG_COMPILER_APPICON_NAME = AppIcon;
				DEVELOPMENT_TEAM = 8NDM2JAGC4;
				INFOPLIST_FILE = "X_Tutorial6_光照/Info.plist";
				LD_RUNPATH_SEARCH_PATHS = "$(inherited) @executable_path/Frameworks";
				PRODUCT_BUNDLE_IDENTIFIER = "com.gcg.X-Tutorial6---";
				PRODUCT_NAME = "$(TARGET_NAME)";
			};
			name = Release;
		};
/* End XCBuildConfiguration section */

/* Begin XCConfigurationList section */
		8438DA04200349B700EB0804 /* Build configuration list for PBXProject "X_Tutorial6_光照" */ = {
			isa = XCConfigurationList;
			buildConfigurations = (
				8438DA1E200349B700EB0804 /* Debug */,
				8438DA1F200349B700EB0804 /* Release */,
			);
			defaultConfigurationIsVisible = 0;
			defaultConfigurationName = Release;
		};
		8438DA20200349B700EB0804 /* Build configuration list for PBXNativeTarget "X_Tutorial6_光照" */ = {
			isa = XCConfigurationList;
			buildConfigurations = (
				8438DA21200349B700EB0804 /* Debug */,
				8438DA22200349B700EB0804 /* Release */,
			);
			defaultConfigurationIsVisible = 0;
		};
/* End XCConfigurationList section */
	};
	rootObject = 8438DA01200349B700EB0804 /* Project object */;
}
