// !$*UTF8*$!
{
	archiveVersion = 1;
	classes = {
	};
	objectVersion = 46;
	objects = {

/* Begin PBXBuildFile section */
		846CDA4C1FF4D36000CB63CF /* main.m in Sources */ = {isa = PBXBuildFile; fileRef = 846CDA4B1FF4D35F00CB63CF /* main.m */; };
		846CDA4F1FF4D36000CB63CF /* AppDelegate.m in Sources */ = {isa = PBXBuildFile; fileRef = 846CDA4E1FF4D36000CB63CF /* AppDelegate.m */; };
		846CDA521FF4D36000CB63CF /* ViewController.m in Sources */ = {isa = PBXBuildFile; fileRef = 846CDA511FF4D36000CB63CF /* ViewController.m */; };
		846CDA551FF4D36000CB63CF /* Main.storyboard in Resources */ = {isa = PBXBuildFile; fileRef = 846CDA531FF4D36000CB63CF /* Main.storyboard */; };
		846CDA571FF4D36000CB63CF /* Assets.xcassets in Resources */ = {isa = PBXBuildFile; fileRef = 846CDA561FF4D36000CB63CF /* Assets.xcassets */; };
		846CDA5A1FF4D36000CB63CF /* LaunchScreen.storyboard in Resources */ = {isa = PBXBuildFile; fileRef = 846CDA581FF4D36000CB63CF /* LaunchScreen.storyboard */; };
		846CDA631FF4D37500CB63CF /* shaderf.glsl in Resources */ = {isa = PBXBuildFile; fileRef = 846CDA611FF4D37500CB63CF /* shaderf.glsl */; };
		846CDA641FF4D37500CB63CF /* shaderv.glsl in Resources */ = {isa = PBXBuildFile; fileRef = 846CDA621FF4D37500CB63CF /* shaderv.glsl */; };
		846CDA671FF4D39000CB63CF /* LearnView.m in Sources */ = {isa = PBXBuildFile; fileRef = 846CDA661FF4D39000CB63CF /* LearnView.m */; };
		846CDA6F1FF4D44C00CB63CF /* GLESMath.c in Sources */ = {isa = PBXBuildFile; fileRef = 846CDA691FF4D44C00CB63CF /* GLESMath.c */; };
		846CDA701FF4D44C00CB63CF /* GLESUtils.m in Sources */ = {isa = PBXBuildFile; fileRef = 846CDA6C1FF4D44C00CB63CF /* GLESUtils.m */; };
/* End PBXBuildFile section */

/* Begin PBXFileReference section */
		846CDA471FF4D35F00CB63CF /* X_Toturial3_transform.app */ = {isa = PBXFileReference; explicitFileType = wrapper.application; includeInIndex = 0; path = X_Toturial3_transform.app; sourceTree = BUILT_PRODUCTS_DIR; };
		846CDA4B1FF4D35F00CB63CF /* main.m */ = {isa = PBXFileReference; lastKnownFileType = sourcecode.c.objc; path = main.m; sourceTree = "<group>"; };
		846CDA4D1FF4D36000CB63CF /* AppDelegate.h */ = {isa = PBXFileReference; lastKnownFileType = sourcecode.c.h; path = AppDelegate.h; sourceTree = "<group>"; };
		846CDA4E1FF4D36000CB63CF /* AppDelegate.m */ = {isa = PBXFileReference; lastKnownFileType = sourcecode.c.objc; path = AppDelegate.m; sourceTree = "<group>"; };
		846CDA501FF4D36000CB63CF /* ViewController.h */ = {isa = PBXFileReference; lastKnownFileType = sourcecode.c.h; path = ViewController.h; sourceTree = "<group>"; };
		846CDA511FF4D36000CB63CF /* ViewController.m */ = {isa = PBXFileReference; lastKnownFileType = sourcecode.c.objc; path = ViewController.m; sourceTree = "<group>"; };
		846CDA541FF4D36000CB63CF /* Base */ = {isa = PBXFileReference; lastKnownFileType = file.storyboard; name = Base; path = Base.lproj/Main.storyboard; sourceTree = "<group>"; };
		846CDA561FF4D36000CB63CF /* Assets.xcassets */ = {isa = PBXFileReference; lastKnownFileType = folder.assetcatalog; path = Assets.xcassets; sourceTree = "<group>"; };
		846CDA591FF4D36000CB63CF /* Base */ = {isa = PBXFileReference; lastKnownFileType = file.storyboard; name = Base; path = Base.lproj/LaunchScreen.storyboard; sourceTree = "<group>"; };
		846CDA5B1FF4D36000CB63CF /* Info.plist */ = {isa = PBXFileReference; lastKnownFileType = text.plist.xml; path = Info.plist; sourceTree = "<group>"; };
		846CDA611FF4D37500CB63CF /* shaderf.glsl */ = {isa = PBXFileReference; fileEncoding = 4; lastKnownFileType = text; path = shaderf.glsl; sourceTree = "<group>"; };
		846CDA621FF4D37500CB63CF /* shaderv.glsl */ = {isa = PBXFileReference; fileEncoding = 4; lastKnownFileType = text; path = shaderv.glsl; sourceTree = "<group>"; };
		846CDA651FF4D39000CB63CF /* LearnView.h */ = {isa = PBXFileReference; fileEncoding = 4; lastKnownFileType = sourcecode.c.h; path = LearnView.h; sourceTree = "<group>"; };
		846CDA661FF4D39000CB63CF /* LearnView.m */ = {isa = PBXFileReference; fileEncoding = 4; lastKnownFileType = sourcecode.c.objc; path = LearnView.m; sourceTree = "<group>"; };
		846CDA691FF4D44C00CB63CF /* GLESMath.c */ = {isa = PBXFileReference; fileEncoding = 4; lastKnownFileType = sourcecode.c.c; path = GLESMath.c; sourceTree = "<group>"; };
		846CDA6A1FF4D44C00CB63CF /* GLESMath.h */ = {isa = PBXFileReference; fileEncoding = 4; lastKnownFileType = sourcecode.c.h; path = GLESMath.h; sourceTree = "<group>"; };
		846CDA6B1FF4D44C00CB63CF /* GLESUtils.h */ = {isa = PBXFileReference; fileEncoding = 4; lastKnownFileType = sourcecode.c.h; path = GLESUtils.h; sourceTree = "<group>"; };
		846CDA6C1FF4D44C00CB63CF /* GLESUtils.m */ = {isa = PBXFileReference; fileEncoding = 4; lastKnownFileType = sourcecode.c.objc; path = GLESUtils.m; sourceTree = "<group>"; };
		846CDA6D1FF4D44C00CB63CF /* Quaternion.h */ = {isa = PBXFileReference; fileEncoding = 4; lastKnownFileType = sourcecode.c.h; path = Quaternion.h; sourceTree = "<group>"; };
		846CDA6E1FF4D44C00CB63CF /* Vector.h */ = {isa = PBXFileReference; fileEncoding = 4; lastKnownFileType = sourcecode.c.h; path = Vector.h; sourceTree = "<group>"; };
/* End PBXFileReference section */

/* Begin PBXFrameworksBuildPhase section */
		846CDA441FF4D35F00CB63CF /* Frameworks */ = {
			isa = PBXFrameworksBuildPhase;
			buildActionMask = 2147483647;
			files = (
			);
			runOnlyForDeploymentPostprocessing = 0;
		};
/* End PBXFrameworksBuildPhase section */

/* Begin PBXGroup section */
		846CDA3E1FF4D35F00CB63CF = {
			isa = PBXGroup;
			children = (
				846CDA491FF4D35F00CB63CF /* X_Toturial3_transform */,
				846CDA481FF4D35F00CB63CF /* Products */,
			);
			sourceTree = "<group>";
		};
		846CDA481FF4D35F00CB63CF /* Products */ = {
			isa = PBXGroup;
			children = (
				846CDA471FF4D35F00CB63CF /* X_Toturial3_transform.app */,
			);
			name = Products;
			sourceTree = "<group>";
		};
		846CDA491FF4D35F00CB63CF /* X_Toturial3_transform */ = {
			isa = PBXGroup;
			children = (
				846CDA681FF4D44C00CB63CF /* Utils */,
				846CDA4D1FF4D36000CB63CF /* AppDelegate.h */,
				846CDA4E1FF4D36000CB63CF /* AppDelegate.m */,
				846CDA501FF4D36000CB63CF /* ViewController.h */,
				846CDA511FF4D36000CB63CF /* ViewController.m */,
				846CDA651FF4D39000CB63CF /* LearnView.h */,
				846CDA661FF4D39000CB63CF /* LearnView.m */,
				846CDA531FF4D36000CB63CF /* Main.storyboard */,
				846CDA561FF4D36000CB63CF /* Assets.xcassets */,
				846CDA581FF4D36000CB63CF /* LaunchScreen.storyboard */,
				846CDA5B1FF4D36000CB63CF /* Info.plist */,
				846CDA611FF4D37500CB63CF /* shaderf.glsl */,
				846CDA621FF4D37500CB63CF /* shaderv.glsl */,
				846CDA4A1FF4D35F00CB63CF /* Supporting Files */,
			);
			path = X_Toturial3_transform;
			sourceTree = "<group>";
		};
		846CDA4A1FF4D35F00CB63CF /* Supporting Files */ = {
			isa = PBXGroup;
			children = (
				846CDA4B1FF4D35F00CB63CF /* main.m */,
			);
			name = "Supporting Files";
			sourceTree = "<group>";
		};
		846CDA681FF4D44C00CB63CF /* Utils */ = {
			isa = PBXGroup;
			children = (
				846CDA691FF4D44C00CB63CF /* GLESMath.c */,
				846CDA6A1FF4D44C00CB63CF /* GLESMath.h */,
				846CDA6B1FF4D44C00CB63CF /* GLESUtils.h */,
				846CDA6C1FF4D44C00CB63CF /* GLESUtils.m */,
				846CDA6D1FF4D44C00CB63CF /* Quaternion.h */,
				846CDA6E1FF4D44C00CB63CF /* Vector.h */,
			);
			path = Utils;
			sourceTree = "<group>";
		};
/* End PBXGroup section */

/* Begin PBXNativeTarget section */
		846CDA461FF4D35F00CB63CF /* X_Toturial3_transform */ = {
			isa = PBXNativeTarget;
			buildConfigurationList = 846CDA5E1FF4D36000CB63CF /* Build configuration list for PBXNativeTarget "X_Toturial3_transform" */;
			buildPhases = (
				846CDA431FF4D35F00CB63CF /* Sources */,
				846CDA441FF4D35F00CB63CF /* Frameworks */,
				846CDA451FF4D35F00CB63CF /* Resources */,
			);
			buildRules = (
			);
			dependencies = (
			);
			name = X_Toturial3_transform;
			productName = X_Toturial3_transform;
			productReference = 846CDA471FF4D35F00CB63CF /* X_Toturial3_transform.app */;
			productType = "com.apple.product-type.application";
		};
/* End PBXNativeTarget section */

/* Begin PBXProject section */
		846CDA3F1FF4D35F00CB63CF /* Project object */ = {
			isa = PBXProject;
			attributes = {
				LastUpgradeCheck = 0830;
				ORGANIZATIONNAME = gcg;
				TargetAttributes = {
					846CDA461FF4D35F00CB63CF = {
						CreatedOnToolsVersion = 8.3.3;
						DevelopmentTeam = 8NDM2JAGC4;
						ProvisioningStyle = Automatic;
					};
				};
			};
			buildConfigurationList = 846CDA421FF4D35F00CB63CF /* Build configuration list for PBXProject "X_Toturial3_transform" */;
			compatibilityVersion = "Xcode 3.2";
			developmentRegion = English;
			hasScannedForEncodings = 0;
			knownRegions = (
				en,
				Base,
			);
			mainGroup = 846CDA3E1FF4D35F00CB63CF;
			productRefGroup = 846CDA481FF4D35F00CB63CF /* Products */;
			projectDirPath = "";
			projectRoot = "";
			targets = (
				846CDA461FF4D35F00CB63CF /* X_Toturial3_transform */,
			);
		};
/* End PBXProject section */

/* Begin PBXResourcesBuildPhase section */
		846CDA451FF4D35F00CB63CF /* Resources */ = {
			isa = PBXResourcesBuildPhase;
			buildActionMask = 2147483647;
			files = (
				846CDA5A1FF4D36000CB63CF /* LaunchScreen.storyboard in Resources */,
				846CDA631FF4D37500CB63CF /* shaderf.glsl in Resources */,
				846CDA571FF4D36000CB63CF /* Assets.xcassets in Resources */,
				846CDA551FF4D36000CB63CF /* Main.storyboard in Resources */,
				846CDA641FF4D37500CB63CF /* shaderv.glsl in Resources */,
			);
			runOnlyForDeploymentPostprocessing = 0;
		};
/* End PBXResourcesBuildPhase section */

/* Begin PBXSourcesBuildPhase section */
		846CDA431FF4D35F00CB63CF /* Sources */ = {
			isa = PBXSourcesBuildPhase;
			buildActionMask = 2147483647;
			files = (
				846CDA521FF4D36000CB63CF /* ViewController.m in Sources */,
				846CDA4F1FF4D36000CB63CF /* AppDelegate.m in Sources */,
				846CDA6F1FF4D44C00CB63CF /* GLESMath.c in Sources */,
				846CDA4C1FF4D36000CB63CF /* main.m in Sources */,
				846CDA701FF4D44C00CB63CF /* GLESUtils.m in Sources */,
				846CDA671FF4D39000CB63CF /* LearnView.m in Sources */,
			);
			runOnlyForDeploymentPostprocessing = 0;
		};
/* End PBXSourcesBuildPhase section */

/* Begin PBXVariantGroup section */
		846CDA531FF4D36000CB63CF /* Main.storyboard */ = {
			isa = PBXVariantGroup;
			children = (
				846CDA541FF4D36000CB63CF /* Base */,
			);
			name = Main.storyboard;
			sourceTree = "<group>";
		};
		846CDA581FF4D36000CB63CF /* LaunchScreen.storyboard */ = {
			isa = PBXVariantGroup;
			children = (
				846CDA591FF4D36000CB63CF /* Base */,
			);
			name = LaunchScreen.storyboard;
			sourceTree = "<group>";
		};
/* End PBXVariantGroup section */

/* Begin XCBuildConfiguration section */
		846CDA5C1FF4D36000CB63CF /* Debug */ = {
			isa = XCBuildConfiguration;
			buildSettings = {
				ALWAYS_SEARCH_USER_PATHS = NO;
				CLANG_ANALYZER_NONNULL = YES;
				CLANG_ANALYZER_NUMBER_OBJECT_CONVERSION = YES_AGGRESSIVE;
				CLANG_CXX_LANGUAGE_STANDARD = "gnu++0x";
				CLANG_CXX_LIBRARY = "libc++";
				CLANG_ENABLE_MODULES = YES;
				CLANG_ENABLE_OBJC_ARC = YES;
				CLANG_WARN_BOOL_CONVERSION = YES;
				CLANG_WARN_CONSTANT_CONVERSION = YES;
				CLANG_WARN_DIRECT_OBJC_ISA_USAGE = YES_ERROR;
				CLANG_WARN_DOCUMENTATION_COMMENTS = YES;
				CLANG_WARN_EMPTY_BODY = YES;
				CLANG_WARN_ENUM_CONVERSION = YES;
				CLANG_WARN_INFINITE_RECURSION = YES;
				CLANG_WARN_INT_CONVERSION = YES;
				CLANG_WARN_OBJC_ROOT_CLASS = YES_ERROR;
				CLANG_WARN_SUSPICIOUS_MOVE = YES;
				CLANG_WARN_UNREACHABLE_CODE = YES;
				CLANG_WARN__DUPLICATE_METHOD_MATCH = YES;
				"CODE_SIGN_IDENTITY[sdk=iphoneos*]" = "iPhone Developer";
				COPY_PHASE_STRIP = NO;
				DEBUG_INFORMATION_FORMAT = dwarf;
				ENABLE_STRICT_OBJC_MSGSEND = YES;
				ENABLE_TESTABILITY = YES;
				GCC_C_LANGUAGE_STANDARD = gnu99;
				GCC_DYNAMIC_NO_PIC = NO;
				GCC_NO_COMMON_BLOCKS = YES;
				GCC_OPTIMIZATION_LEVEL = 0;
				GCC_PREPROCESSOR_DEFINITIONS = (
					"DEBUG=1",
					"$(inherited)",
				);
				GCC_WARN_64_TO_32_BIT_CONVERSION = YES;
				GCC_WARN_ABOUT_RETURN_TYPE = YES_ERROR;
				GCC_WARN_UNDECLARED_SELECTOR = YES;
				GCC_WARN_UNINITIALIZED_AUTOS = YES_AGGRESSIVE;
				GCC_WARN_UNUSED_FUNCTION = YES;
				GCC_WARN_UNUSED_VARIABLE = YES;
				IPHONEOS_DEPLOYMENT_TARGET = 10.3;
				MTL_ENABLE_DEBUG_INFO = YES;
				ONLY_ACTIVE_ARCH = YES;
				SDKROOT = iphoneos;
			};
			name = Debug;
		};
		846CDA5D1FF4D36000CB63CF /* Release */ = {
			isa = XCBuildConfiguration;
			buildSettings = {
				ALWAYS_SEARCH_USER_PATHS = NO;
				CLANG_ANALYZER_NONNULL = YES;
				CLANG_ANALYZER_NUMBER_OBJECT_CONVERSION = YES_AGGRESSIVE;
				CLANG_CXX_LANGUAGE_STANDARD = "gnu++0x";
				CLANG_CXX_LIBRARY = "libc++";
				CLANG_ENABLE_MODULES = YES;
				CLANG_ENABLE_OBJC_ARC = YES;
				CLANG_WARN_BOOL_CONVERSION = YES;
				CLANG_WARN_CONSTANT_CONVERSION = YES;
				CLANG_WARN_DIRECT_OBJC_ISA_USAGE = YES_ERROR;
				CLANG_WARN_DOCUMENTATION_COMMENTS = YES;
				CLANG_WARN_EMPTY_BODY = YES;
				CLANG_WARN_ENUM_CONVERSION = YES;
				CLANG_WARN_INFINITE_RECURSION = YES;
				CLANG_WARN_INT_CONVERSION = YES;
				CLANG_WARN_OBJC_ROOT_CLASS = YES_ERROR;
				CLANG_WARN_SUSPICIOUS_MOVE = YES;
				CLANG_WARN_UNREACHABLE_CODE = YES;
				CLANG_WARN__DUPLICATE_METHOD_MATCH = YES;
				"CODE_SIGN_IDENTITY[sdk=iphoneos*]" = "iPhone Developer";
				COPY_PHASE_STRIP = NO;
				DEBUG_INFORMATION_FORMAT = "dwarf-with-dsym";
				ENABLE_NS_ASSERTIONS = NO;
				ENABLE_STRICT_OBJC_MSGSEND = YES;
				GCC_C_LANGUAGE_STANDARD = gnu99;
				GCC_NO_COMMON_BLOCKS = YES;
				GCC_WARN_64_TO_32_BIT_CONVERSION = YES;
				GCC_WARN_ABOUT_RETURN_TYPE = YES_ERROR;
				GCC_WARN_UNDECLARED_SELECTOR = YES;
				GCC_WARN_UNINITIALIZED_AUTOS = YES_AGGRESSIVE;
				GCC_WARN_UNUSED_FUNCTION = YES;
				GCC_WARN_UNUSED_VARIABLE = YES;
				IPHONEOS_DEPLOYMENT_TARGET = 10.3;
				MTL_ENABLE_DEBUG_INFO = NO;
				SDKROOT = iphoneos;
				VALIDATE_PRODUCT = YES;
			};
			name = Release;
		};
		846CDA5F1FF4D36000CB63CF /* Debug */ = {
			isa = XCBuildConfiguration;
			buildSettings = {
				ASSETCATALOG_COMPILER_APPICON_NAME = AppIcon;
				DEVELOPMENT_TEAM = 8NDM2JAGC4;
				INFOPLIST_FILE = X_Toturial3_transform/Info.plist;
				LD_RUNPATH_SEARCH_PATHS = "$(inherited) @executable_path/Frameworks";
				PRODUCT_BUNDLE_IDENTIFIER = "com.gcg.X-Toturial3-transform";
				PRODUCT_NAME = "$(TARGET_NAME)";
			};
			name = Debug;
		};
		846CDA601FF4D36000CB63CF /* Release */ = {
			isa = XCBuildConfiguration;
			buildSettings = {
				ASSETCATALOG_COMPILER_APPICON_NAME = AppIcon;
				DEVELOPMENT_TEAM = 8NDM2JAGC4;
				INFOPLIST_FILE = X_Toturial3_transform/Info.plist;
				LD_RUNPATH_SEARCH_PATHS = "$(inherited) @executable_path/Frameworks";
				PRODUCT_BUNDLE_IDENTIFIER = "com.gcg.X-Toturial3-transform";
				PRODUCT_NAME = "$(TARGET_NAME)";
			};
			name = Release;
		};
/* End XCBuildConfiguration section */

/* Begin XCConfigurationList section */
		846CDA421FF4D35F00CB63CF /* Build configuration list for PBXProject "X_Toturial3_transform" */ = {
			isa = XCConfigurationList;
			buildConfigurations = (
				846CDA5C1FF4D36000CB63CF /* Debug */,
				846CDA5D1FF4D36000CB63CF /* Release */,
			);
			defaultConfigurationIsVisible = 0;
			defaultConfigurationName = Release;
		};
		846CDA5E1FF4D36000CB63CF /* Build configuration list for PBXNativeTarget "X_Toturial3_transform" */ = {
			isa = XCConfigurationList;
			buildConfigurations = (
				846CDA5F1FF4D36000CB63CF /* Debug */,
				846CDA601FF4D36000CB63CF /* Release */,
			);
			defaultConfigurationIsVisible = 0;
		};
/* End XCConfigurationList section */
	};
	rootObject = 846CDA3F1FF4D35F00CB63CF /* Project object */;
}
